
Microsoft Visual Studio Solution File, Format Version 12.00
# Visual Studio Version 16
VisualStudioVersion = 16.0.31112.23
MinimumVisualStudioVersion = 10.0.40219.1
Project("{FAE04EC0-301F-11D3-BF4B-00C04F79EFBC}") = "StaticExercise", "StaticExercise\StaticExercise.csproj", "{02AAA227-5FB7-4C3F-A2B0-95FD0A9352F0}"
EndProject
Global
	GlobalSection(SolutionConfigurationPlatforms) = preSolution
		Debug|Any CPU = Debug|Any CPU
		Release|Any CPU = Release|Any CPU
	EndGlobalSection
	GlobalSection(ProjectConfigurationPlatforms) = postSolution
		{02AAA227-5FB7-4C3F-A2B0-95FD0A9352F0}.Debug|Any CPU.ActiveCfg = Debug|Any CPU
		{02AAA227-5FB7-4C3F-A2B0-95FD0A9352F0}.Debug|Any CPU.Build.0 = Debug|Any CPU
		{02AAA227-5FB7-4C3F-A2B0-95FD0A9352F0}.Release|Any CPU.ActiveCfg = Release|Any CPU
		{02AAA227-5FB7-4C3F-A2B0-95FD0A9352F0}.Release|Any CPU.Build.0 = Release|Any CPU
	EndGlobalSection
	GlobalSection(SolutionProperties) = preSolution
		HideSolutionNode = FALSE
	EndGlobalSection
	GlobalSection(ExtensibilityGlobals) = postSolution
		SolutionGuid = {6D5408ED-2FC1-41CC-853C-382F26800970}
	EndGlobalSection
EndGlobal
